// !$*UTF8*$!
{
	archiveVersion = 1;
	classes = {
	};
	objectVersion = 46;
	objects = {

/* Begin PBXBuildFile section */
		89B194E21D324B6F00382406 /* main.m in Sources */ = {isa = PBXBuildFile; fileRef = 89B194E11D324B6F00382406 /* main.m */; };
		89B194E51D324B6F00382406 /* AppDelegate.m in Sources */ = {isa = PBXBuildFile; fileRef = 89B194E41D324B6F00382406 /* AppDelegate.m */; };
		89B194E81D324B6F00382406 /* ViewController.m in Sources */ = {isa = PBXBuildFile; fileRef = 89B194E71D324B6F00382406 /* ViewController.m */; };
		89B194EB1D324B6F00382406 /* Main.storyboard in Resources */ = {isa = PBXBuildFile; fileRef = 89B194E91D324B6F00382406 /* Main.storyboard */; };
		89B194ED1D324B6F00382406 /* Assets.xcassets in Resources */ = {isa = PBXBuildFile; fileRef = 89B194EC1D324B6F00382406 /* Assets.xcassets */; };
		89B194F01D324B6F00382406 /* LaunchScreen.storyboard in Resources */ = {isa = PBXBuildFile; fileRef = 89B194EE1D324B6F00382406 /* LaunchScreen.storyboard */; };
		89B194FB1D324B7000382406 /* camer_photo_videoTests.m in Sources */ = {isa = PBXBuildFile; fileRef = 89B194FA1D324B7000382406 /* camer_photo_videoTests.m */; };
		89B195061D324B7000382406 /* camer_photo_videoUITests.m in Sources */ = {isa = PBXBuildFile; fileRef = 89B195051D324B7000382406 /* camer_photo_videoUITests.m */; };
		89B195161D325FDA00382406 /* fbaec979a4cf1421bedfa65dd3a02a6d.jpg in Resources */ = {isa = PBXBuildFile; fileRef = 89B195151D325FDA00382406 /* fbaec979a4cf1421bedfa65dd3a02a6d.jpg */; };
		89E4777B1D339B1700C464D5 /* LaunchViewContrllerViewController.m in Sources */ = {isa = PBXBuildFile; fileRef = 89E4777A1D339B1700C464D5 /* LaunchViewContrllerViewController.m */; };
		89E477801D33A71600C464D5 /* 4.jpg in Resources */ = {isa = PBXBuildFile; fileRef = 89E4777C1D33A71600C464D5 /* 4.jpg */; };
		89E477811D33A71600C464D5 /* 3.jpg in Resources */ = {isa = PBXBuildFile; fileRef = 89E4777D1D33A71600C464D5 /* 3.jpg */; };
		89E477821D33A71600C464D5 /* 2.jpg in Resources */ = {isa = PBXBuildFile; fileRef = 89E4777E1D33A71600C464D5 /* 2.jpg */; };
		89E477831D33A71600C464D5 /* 1.jpg in Resources */ = {isa = PBXBuildFile; fileRef = 89E4777F1D33A71600C464D5 /* 1.jpg */; };
/* End PBXBuildFile section */

/* Begin PBXContainerItemProxy section */
		89B194F71D324B7000382406 /* PBXContainerItemProxy */ = {
			isa = PBXContainerItemProxy;
			containerPortal = 89B194D51D324B6F00382406 /* Project object */;
			proxyType = 1;
			remoteGlobalIDString = 89B194DC1D324B6F00382406;
			remoteInfo = "camer-photo-video";
		};
		89B195021D324B7000382406 /* PBXContainerItemProxy */ = {
			isa = PBXContainerItemProxy;
			containerPortal = 89B194D51D324B6F00382406 /* Project object */;
			proxyType = 1;
			remoteGlobalIDString = 89B194DC1D324B6F00382406;
			remoteInfo = "camer-photo-video";
		};
/* End PBXContainerItemProxy section */

/* Begin PBXFileReference section */
		89B194DD1D324B6F00382406 /* camer-photo-video.app */ = {isa = PBXFileReference; explicitFileType = wrapper.application; includeInIndex = 0; path = "camer-photo-video.app"; sourceTree = BUILT_PRODUCTS_DIR; };
		89B194E11D324B6F00382406 /* main.m */ = {isa = PBXFileReference; lastKnownFileType = sourcecode.c.objc; path = main.m; sourceTree = "<group>"; };
		89B194E31D324B6F00382406 /* AppDelegate.h */ = {isa = PBXFileReference; lastKnownFileType = sourcecode.c.h; path = AppDelegate.h; sourceTree = "<group>"; };
		89B194E41D324B6F00382406 /* AppDelegate.m */ = {isa = PBXFileReference; lastKnownFileType = sourcecode.c.objc; path = AppDelegate.m; sourceTree = "<group>"; };
		89B194E61D324B6F00382406 /* ViewController.h */ = {isa = PBXFileReference; lastKnownFileType = sourcecode.c.h; path = ViewController.h; sourceTree = "<group>"; };
		89B194E71D324B6F00382406 /* ViewController.m */ = {isa = PBXFileReference; lastKnownFileType = sourcecode.c.objc; path = ViewController.m; sourceTree = "<group>"; };
		89B194EA1D324B6F00382406 /* Base */ = {isa = PBXFileReference; lastKnownFileType = file.storyboard; name = Base; path = Base.lproj/Main.storyboard; sourceTree = "<group>"; };
		89B194EC1D324B6F00382406 /* Assets.xcassets */ = {isa = PBXFileReference; lastKnownFileType = folder.assetcatalog; path = Assets.xcassets; sourceTree = "<group>"; };
		89B194EF1D324B6F00382406 /* Base */ = {isa = PBXFileReference; lastKnownFileType = file.storyboard; name = Base; path = Base.lproj/LaunchScreen.storyboard; sourceTree = "<group>"; };
		89B194F11D324B6F00382406 /* Info.plist */ = {isa = PBXFileReference; lastKnownFileType = text.plist.xml; path = Info.plist; sourceTree = "<group>"; };
		89B194F61D324B7000382406 /* camer-photo-videoTests.xctest */ = {isa = PBXFileReference; explicitFileType = wrapper.cfbundle; includeInIndex = 0; path = "camer-photo-videoTests.xctest"; sourceTree = BUILT_PRODUCTS_DIR; };
		89B194FA1D324B7000382406 /* camer_photo_videoTests.m */ = {isa = PBXFileReference; lastKnownFileType = sourcecode.c.objc; path = camer_photo_videoTests.m; sourceTree = "<group>"; };
		89B194FC1D324B7000382406 /* Info.plist */ = {isa = PBXFileReference; lastKnownFileType = text.plist.xml; path = Info.plist; sourceTree = "<group>"; };
		89B195011D324B7000382406 /* camer-photo-videoUITests.xctest */ = {isa = PBXFileReference; explicitFileType = wrapper.cfbundle; includeInIndex = 0; path = "camer-photo-videoUITests.xctest"; sourceTree = BUILT_PRODUCTS_DIR; };
		89B195051D324B7000382406 /* camer_photo_videoUITests.m */ = {isa = PBXFileReference; lastKnownFileType = sourcecode.c.objc; path = camer_photo_videoUITests.m; sourceTree = "<group>"; };
		89B195071D324B7000382406 /* Info.plist */ = {isa = PBXFileReference; lastKnownFileType = text.plist.xml; path = Info.plist; sourceTree = "<group>"; };
		89B195151D325FDA00382406 /* fbaec979a4cf1421bedfa65dd3a02a6d.jpg */ = {isa = PBXFileReference; lastKnownFileType = image.jpeg; path = fbaec979a4cf1421bedfa65dd3a02a6d.jpg; sourceTree = "<group>"; };
		89E477791D339B1700C464D5 /* LaunchViewContrllerViewController.h */ = {isa = PBXFileReference; fileEncoding = 4; lastKnownFileType = sourcecode.c.h; name = LaunchViewContrllerViewController.h; path = ../LaunchViewContrllerViewController.h; sourceTree = "<group>"; };
		89E4777A1D339B1700C464D5 /* LaunchViewContrllerViewController.m */ = {isa = PBXFileReference; fileEncoding = 4; lastKnownFileType = sourcecode.c.objc; name = LaunchViewContrllerViewController.m; path = ../LaunchViewContrllerViewController.m; sourceTree = "<group>"; };
		89E4777C1D33A71600C464D5 /* 4.jpg */ = {isa = PBXFileReference; lastKnownFileType = image.jpeg; path = 4.jpg; sourceTree = "<group>"; };
		89E4777D1D33A71600C464D5 /* 3.jpg */ = {isa = PBXFileReference; lastKnownFileType = image.jpeg; path = 3.jpg; sourceTree = "<group>"; };
		89E4777E1D33A71600C464D5 /* 2.jpg */ = {isa = PBXFileReference; lastKnownFileType = image.jpeg; path = 2.jpg; sourceTree = "<group>"; };
		89E4777F1D33A71600C464D5 /* 1.jpg */ = {isa = PBXFileReference; lastKnownFileType = image.jpeg; path = 1.jpg; sourceTree = "<group>"; };
/* End PBXFileReference section */

/* Begin PBXFrameworksBuildPhase section */
		89B194DA1D324B6F00382406 /* Frameworks */ = {
			isa = PBXFrameworksBuildPhase;
			buildActionMask = 2147483647;
			files = (
			);
			runOnlyForDeploymentPostprocessing = 0;
		};
		89B194F31D324B7000382406 /* Frameworks */ = {
			isa = PBXFrameworksBuildPhase;
			buildActionMask = 2147483647;
			files = (
			);
			runOnlyForDeploymentPostprocessing = 0;
		};
		89B194FE1D324B7000382406 /* Frameworks */ = {
			isa = PBXFrameworksBuildPhase;
			buildActionMask = 2147483647;
			files = (
			);
			runOnlyForDeploymentPostprocessing = 0;
		};
/* End PBXFrameworksBuildPhase section */

/* Begin PBXGroup section */
		89B194D41D324B6F00382406 = {
			isa = PBXGroup;
			children = (
				89B194DF1D324B6F00382406 /* camer-photo-video */,
				89B194F91D324B7000382406 /* camer-photo-videoTests */,
				89B195041D324B7000382406 /* camer-photo-videoUITests */,
				89B194DE1D324B6F00382406 /* Products */,
			);
			sourceTree = "<group>";
		};
		89B194DE1D324B6F00382406 /* Products */ = {
			isa = PBXGroup;
			children = (
				89B194DD1D324B6F00382406 /* camer-photo-video.app */,
				89B194F61D324B7000382406 /* camer-photo-videoTests.xctest */,
				89B195011D324B7000382406 /* camer-photo-videoUITests.xctest */,
			);
			name = Products;
			sourceTree = "<group>";
		};
		89B194DF1D324B6F00382406 /* camer-photo-video */ = {
			isa = PBXGroup;
			children = (
				89E4777C1D33A71600C464D5 /* 4.jpg */,
				89E4777D1D33A71600C464D5 /* 3.jpg */,
				89E4777E1D33A71600C464D5 /* 2.jpg */,
				89E4777F1D33A71600C464D5 /* 1.jpg */,
				89B195151D325FDA00382406 /* fbaec979a4cf1421bedfa65dd3a02a6d.jpg */,
				89B194E31D324B6F00382406 /* AppDelegate.h */,
				89B194E41D324B6F00382406 /* AppDelegate.m */,
				89E477791D339B1700C464D5 /* LaunchViewContrllerViewController.h */,
				89E4777A1D339B1700C464D5 /* LaunchViewContrllerViewController.m */,
				89B194E61D324B6F00382406 /* ViewController.h */,
				89B194E71D324B6F00382406 /* ViewController.m */,
				89B194E91D324B6F00382406 /* Main.storyboard */,
				89B194EC1D324B6F00382406 /* Assets.xcassets */,
				89B194EE1D324B6F00382406 /* LaunchScreen.storyboard */,
				89B194F11D324B6F00382406 /* Info.plist */,
				89B194E01D324B6F00382406 /* Supporting Files */,
			);
			path = "camer-photo-video";
			sourceTree = "<group>";
		};
		89B194E01D324B6F00382406 /* Supporting Files */ = {
			isa = PBXGroup;
			children = (
				89B194E11D324B6F00382406 /* main.m */,
			);
			name = "Supporting Files";
			sourceTree = "<group>";
		};
		89B194F91D324B7000382406 /* camer-photo-videoTests */ = {
			isa = PBXGroup;
			children = (
				89B194FA1D324B7000382406 /* camer_photo_videoTests.m */,
				89B194FC1D324B7000382406 /* Info.plist */,
			);
			path = "camer-photo-videoTests";
			sourceTree = "<group>";
		};
		89B195041D324B7000382406 /* camer-photo-videoUITests */ = {
			isa = PBXGroup;
			children = (
				89B195051D324B7000382406 /* camer_photo_videoUITests.m */,
				89B195071D324B7000382406 /* Info.plist */,
			);
			path = "camer-photo-videoUITests";
			sourceTree = "<group>";
		};
/* End PBXGroup section */

/* Begin PBXNativeTarget section */
		89B194DC1D324B6F00382406 /* camer-photo-video */ = {
			isa = PBXNativeTarget;
			buildConfigurationList = 89B1950A1D324B7000382406 /* Build configuration list for PBXNativeTarget "camer-photo-video" */;
			buildPhases = (
				89B194D91D324B6F00382406 /* Sources */,
				89B194DA1D324B6F00382406 /* Frameworks */,
				89B194DB1D324B6F00382406 /* Resources */,
			);
			buildRules = (
			);
			dependencies = (
			);
			name = "camer-photo-video";
			productName = "camer-photo-video";
			productReference = 89B194DD1D324B6F00382406 /* camer-photo-video.app */;
			productType = "com.apple.product-type.application";
		};
		89B194F51D324B7000382406 /* camer-photo-videoTests */ = {
			isa = PBXNativeTarget;
			buildConfigurationList = 89B1950D1D324B7000382406 /* Build configuration list for PBXNativeTarget "camer-photo-videoTests" */;
			buildPhases = (
				89B194F21D324B7000382406 /* Sources */,
				89B194F31D324B7000382406 /* Frameworks */,
				89B194F41D324B7000382406 /* Resources */,
			);
			buildRules = (
			);
			dependencies = (
				89B194F81D324B7000382406 /* PBXTargetDependency */,
			);
			name = "camer-photo-videoTests";
			productName = "camer-photo-videoTests";
			productReference = 89B194F61D324B7000382406 /* camer-photo-videoTests.xctest */;
			productType = "com.apple.product-type.bundle.unit-test";
		};
		89B195001D324B7000382406 /* camer-photo-videoUITests */ = {
			isa = PBXNativeTarget;
			buildConfigurationList = 89B195101D324B7000382406 /* Build configuration list for PBXNativeTarget "camer-photo-videoUITests" */;
			buildPhases = (
				89B194FD1D324B7000382406 /* Sources */,
				89B194FE1D324B7000382406 /* Frameworks */,
				89B194FF1D324B7000382406 /* Resources */,
			);
			buildRules = (
			);
			dependencies = (
				89B195031D324B7000382406 /* PBXTargetDependency */,
			);
			name = "camer-photo-videoUITests";
			productName = "camer-photo-videoUITests";
			productReference = 89B195011D324B7000382406 /* camer-photo-videoUITests.xctest */;
			productType = "com.apple.product-type.bundle.ui-testing";
		};
/* End PBXNativeTarget section */

/* Begin PBXProject section */
		89B194D51D324B6F00382406 /* Project object */ = {
			isa = PBXProject;
			attributes = {
				LastUpgradeCheck = 0720;
				ORGANIZATIONNAME = practices;
				TargetAttributes = {
					89B194DC1D324B6F00382406 = {
						CreatedOnToolsVersion = 7.2.1;
						DevelopmentTeam = FH9QGTNPTU;
					};
					89B194F51D324B7000382406 = {
						CreatedOnToolsVersion = 7.2.1;
						TestTargetID = 89B194DC1D324B6F00382406;
					};
					89B195001D324B7000382406 = {
						CreatedOnToolsVersion = 7.2.1;
						TestTargetID = 89B194DC1D324B6F00382406;
					};
				};
			};
			buildConfigurationList = 89B194D81D324B6F00382406 /* Build configuration list for PBXProject "camer-photo-video" */;
			compatibilityVersion = "Xcode 3.2";
			developmentRegion = English;
			hasScannedForEncodings = 0;
			knownRegions = (
				en,
				Base,
			);
			mainGroup = 89B194D41D324B6F00382406;
			productRefGroup = 89B194DE1D324B6F00382406 /* Products */;
			projectDirPath = "";
			projectRoot = "";
			targets = (
				89B194DC1D324B6F00382406 /* camer-photo-video */,
				89B194F51D324B7000382406 /* camer-photo-videoTests */,
				89B195001D324B7000382406 /* camer-photo-videoUITests */,
			);
		};
/* End PBXProject section */

/* Begin PBXResourcesBuildPhase section */
		89B194DB1D324B6F00382406 /* Resources */ = {
			isa = PBXResourcesBuildPhase;
			buildActionMask = 2147483647;
			files = (
				89B194F01D324B6F00382406 /* LaunchScreen.storyboard in Resources */,
				89B195161D325FDA00382406 /* fbaec979a4cf1421bedfa65dd3a02a6d.jpg in Resources */,
				89E477821D33A71600C464D5 /* 2.jpg in Resources */,
				89B194ED1D324B6F00382406 /* Assets.xcassets in Resources */,
				89E477811D33A71600C464D5 /* 3.jpg in Resources */,
				89E477831D33A71600C464D5 /* 1.jpg in Resources */,
				89E477801D33A71600C464D5 /* 4.jpg in Resources */,
				89B194EB1D324B6F00382406 /* Main.storyboard in Resources */,
			);
			runOnlyForDeploymentPostprocessing = 0;
		};
		89B194F41D324B7000382406 /* Resources */ = {
			isa = PBXResourcesBuildPhase;
			buildActionMask = 2147483647;
			files = (
			);
			runOnlyForDeploymentPostprocessing = 0;
		};
		89B194FF1D324B7000382406 /* Resources */ = {
			isa = PBXResourcesBuildPhase;
			buildActionMask = 2147483647;
			files = (
			);
			runOnlyForDeploymentPostprocessing = 0;
		};
/* End PBXResourcesBuildPhase section */

/* Begin PBXSourcesBuildPhase section */
		89B194D91D324B6F00382406 /* Sources */ = {
			isa = PBXSourcesBuildPhase;
			buildActionMask = 2147483647;
			files = (
				89E4777B1D339B1700C464D5 /* LaunchViewContrllerViewController.m in Sources */,
				89B194E81D324B6F00382406 /* ViewController.m in Sources */,
				89B194E51D324B6F00382406 /* AppDelegate.m in Sources */,
				89B194E21D324B6F00382406 /* main.m in Sources */,
			);
			runOnlyForDeploymentPostprocessing = 0;
		};
		89B194F21D324B7000382406 /* Sources */ = {
			isa = PBXSourcesBuildPhase;
			buildActionMask = 2147483647;
			files = (
				89B194FB1D324B7000382406 /* camer_photo_videoTests.m in Sources */,
			);
			runOnlyForDeploymentPostprocessing = 0;
		};
		89B194FD1D324B7000382406 /* Sources */ = {
			isa = PBXSourcesBuildPhase;
			buildActionMask = 2147483647;
			files = (
				89B195061D324B7000382406 /* camer_photo_videoUITests.m in Sources */,
			);
			runOnlyForDeploymentPostprocessing = 0;
		};
/* End PBXSourcesBuildPhase section */

/* Begin PBXTargetDependency section */
		89B194F81D324B7000382406 /* PBXTargetDependency */ = {
			isa = PBXTargetDependency;
			target = 89B194DC1D324B6F00382406 /* camer-photo-video */;
			targetProxy = 89B194F71D324B7000382406 /* PBXContainerItemProxy */;
		};
		89B195031D324B7000382406 /* PBXTargetDependency */ = {
			isa = PBXTargetDependency;
			target = 89B194DC1D324B6F00382406 /* camer-photo-video */;
			targetProxy = 89B195021D324B7000382406 /* PBXContainerItemProxy */;
		};
/* End PBXTargetDependency section */

/* Begin PBXVariantGroup section */
		89B194E91D324B6F00382406 /* Main.storyboard */ = {
			isa = PBXVariantGroup;
			children = (
				89B194EA1D324B6F00382406 /* Base */,
			);
			name = Main.storyboard;
			sourceTree = "<group>";
		};
		89B194EE1D324B6F00382406 /* LaunchScreen.storyboard */ = {
			isa = PBXVariantGroup;
			children = (
				89B194EF1D324B6F00382406 /* Base */,
			);
			name = LaunchScreen.storyboard;
			sourceTree = "<group>";
		};
/* End PBXVariantGroup section */

/* Begin XCBuildConfiguration section */
		89B195081D324B7000382406 /* Debug */ = {
			isa = XCBuildConfiguration;
			buildSettings = {
				ALWAYS_SEARCH_USER_PATHS = NO;
				CLANG_CXX_LANGUAGE_STANDARD = "gnu++0x";
				CLANG_CXX_LIBRARY = "libc++";
				CLANG_ENABLE_MODULES = YES;
				CLANG_ENABLE_OBJC_ARC = YES;
				CLANG_WARN_BOOL_CONVERSION = YES;
				CLANG_WARN_CONSTANT_CONVERSION = YES;
				CLANG_WARN_DIRECT_OBJC_ISA_USAGE = YES_ERROR;
				CLANG_WARN_EMPTY_BODY = YES;
				CLANG_WARN_ENUM_CONVERSION = YES;
				CLANG_WARN_INT_CONVERSION = YES;
				CLANG_WARN_OBJC_ROOT_CLASS = YES_ERROR;
				CLANG_WARN_UNREACHABLE_CODE = YES;
				CLANG_WARN__DUPLICATE_METHOD_MATCH = YES;
				"CODE_SIGN_IDENTITY[sdk=iphoneos*]" = "iPhone Developer";
				COPY_PHASE_STRIP = NO;
				DEBUG_INFORMATION_FORMAT = dwarf;
				ENABLE_STRICT_OBJC_MSGSEND = YES;
				ENABLE_TESTABILITY = YES;
				GCC_C_LANGUAGE_STANDARD = gnu99;
				GCC_DYNAMIC_NO_PIC = NO;
				GCC_NO_COMMON_BLOCKS = YES;
				GCC_OPTIMIZATION_LEVEL = 0;
				GCC_PREPROCESSOR_DEFINITIONS = (
					"DEBUG=1",
					"$(inherited)",
				);
				GCC_WARN_64_TO_32_BIT_CONVERSION = YES;
				GCC_WARN_ABOUT_RETURN_TYPE = YES_ERROR;
				GCC_WARN_UNDECLARED_SELECTOR = YES;
				GCC_WARN_UNINITIALIZED_AUTOS = YES_AGGRESSIVE;
				GCC_WARN_UNUSED_FUNCTION = YES;
				GCC_WARN_UNUSED_VARIABLE = YES;
				IPHONEOS_DEPLOYMENT_TARGET = 9.2;
				MTL_ENABLE_DEBUG_INFO = YES;
				ONLY_ACTIVE_ARCH = YES;
				SDKROOT = iphoneos;
			};
			name = Debug;
		};
		89B195091D324B7000382406 /* Release */ = {
			isa = XCBuildConfiguration;
			buildSettings = {
				ALWAYS_SEARCH_USER_PATHS = NO;
				CLANG_CXX_LANGUAGE_STANDARD = "gnu++0x";
				CLANG_CXX_LIBRARY = "libc++";
				CLANG_ENABLE_MODULES = YES;
				CLANG_ENABLE_OBJC_ARC = YES;
				CLANG_WARN_BOOL_CONVERSION = YES;
				CLANG_WARN_CONSTANT_CONVERSION = YES;
				CLANG_WARN_DIRECT_OBJC_ISA_USAGE = YES_ERROR;
				CLANG_WARN_EMPTY_BODY = YES;
				CLANG_WARN_ENUM_CONVERSION = YES;
				CLANG_WARN_INT_CONVERSION = YES;
				CLANG_WARN_OBJC_ROOT_CLASS = YES_ERROR;
				CLANG_WARN_UNREACHABLE_CODE = YES;
				CLANG_WARN__DUPLICATE_METHOD_MATCH = YES;
				"CODE_SIGN_IDENTITY[sdk=iphoneos*]" = "iPhone Developer";
				COPY_PHASE_STRIP = NO;
				DEBUG_INFORMATION_FORMAT = "dwarf-with-dsym";
				ENABLE_NS_ASSERTIONS = NO;
				ENABLE_STRICT_OBJC_MSGSEND = YES;
				GCC_C_LANGUAGE_STANDARD = gnu99;
				GCC_NO_COMMON_BLOCKS = YES;
				GCC_WARN_64_TO_32_BIT_CONVERSION = YES;
				GCC_WARN_ABOUT_RETURN_TYPE = YES_ERROR;
				GCC_WARN_UNDECLARED_SELECTOR = YES;
				GCC_WARN_UNINITIALIZED_AUTOS = YES_AGGRESSIVE;
				GCC_WARN_UNUSED_FUNCTION = YES;
				GCC_WARN_UNUSED_VARIABLE = YES;
				IPHONEOS_DEPLOYMENT_TARGET = 9.2;
				MTL_ENABLE_DEBUG_INFO = NO;
				SDKROOT = iphoneos;
				VALIDATE_PRODUCT = YES;
			};
			name = Release;
		};
		89B1950B1D324B7000382406 /* Debug */ = {
			isa = XCBuildConfiguration;
			buildSettings = {
				ASSETCATALOG_COMPILER_APPICON_NAME = AppIcon;
				CODE_SIGN_IDENTITY = "iPhone Developer";
				"CODE_SIGN_IDENTITY[sdk=iphoneos*]" = "iPhone Developer";
				INFOPLIST_FILE = "camer-photo-video/Info.plist";
				LD_RUNPATH_SEARCH_PATHS = "$(inherited) @executable_path/Frameworks";
				PRODUCT_BUNDLE_IDENTIFIER = "com.practices.camer-photo-video";
				PRODUCT_NAME = "$(TARGET_NAME)";
				PROVISIONING_PROFILE = "";
			};
			name = Debug;
		};
		89B1950C1D324B7000382406 /* Release */ = {
			isa = XCBuildConfiguration;
			buildSettings = {
				ASSETCATALOG_COMPILER_APPICON_NAME = AppIcon;
				CODE_SIGN_IDENTITY = "iPhone Developer";
				"CODE_SIGN_IDENTITY[sdk=iphoneos*]" = "iPhone Developer";
				INFOPLIST_FILE = "camer-photo-video/Info.plist";
				LD_RUNPATH_SEARCH_PATHS = "$(inherited) @executable_path/Frameworks";
				PRODUCT_BUNDLE_IDENTIFIER = "com.practices.camer-photo-video";
				PRODUCT_NAME = "$(TARGET_NAME)";
				PROVISIONING_PROFILE = "";
			};
			name = Release;
		};
		89B1950E1D324B7000382406 /* Debug */ = {
			isa = XCBuildConfiguration;
			buildSettings = {
				BUNDLE_LOADER = "$(TEST_HOST)";
				INFOPLIST_FILE = "camer-photo-videoTests/Info.plist";
				LD_RUNPATH_SEARCH_PATHS = "$(inherited) @executable_path/Frameworks @loader_path/Frameworks";
				PRODUCT_BUNDLE_IDENTIFIER = "com.practices.camer-photo-videoTests";
				PRODUCT_NAME = "$(TARGET_NAME)";
				TEST_HOST = "$(BUILT_PRODUCTS_DIR)/camer-photo-video.app/camer-photo-video";
			};
			name = Debug;
		};
		89B1950F1D324B7000382406 /* Release */ = {
			isa = XCBuildConfiguration;
			buildSettings = {
				BUNDLE_LOADER = "$(TEST_HOST)";
				INFOPLIST_FILE = "camer-photo-videoTests/Info.plist";
				LD_RUNPATH_SEARCH_PATHS = "$(inherited) @executable_path/Frameworks @loader_path/Frameworks";
				PRODUCT_BUNDLE_IDENTIFIER = "com.practices.camer-photo-videoTests";
				PRODUCT_NAME = "$(TARGET_NAME)";
				TEST_HOST = "$(BUILT_PRODUCTS_DIR)/camer-photo-video.app/camer-photo-video";
			};
			name = Release;
		};
		89B195111D324B7000382406 /* Debug */ = {
			isa = XCBuildConfiguration;
			buildSettings = {
				INFOPLIST_FILE = "camer-photo-videoUITests/Info.plist";
				LD_RUNPATH_SEARCH_PATHS = "$(inherited) @executable_path/Frameworks @loader_path/Frameworks";
				PRODUCT_BUNDLE_IDENTIFIER = "com.practices.camer-photo-videoUITests";
				PRODUCT_NAME = "$(TARGET_NAME)";
				TEST_TARGET_NAME = "camer-photo-video";
				USES_XCTRUNNER = YES;
			};
			name = Debug;
		};
		89B195121D324B7000382406 /* Release */ = {
			isa = XCBuildConfiguration;
			buildSettings = {
				INFOPLIST_FILE = "camer-photo-videoUITests/Info.plist";
				LD_RUNPATH_SEARCH_PATHS = "$(inherited) @executable_path/Frameworks @loader_path/Frameworks";
				PRODUCT_BUNDLE_IDENTIFIER = "com.practices.camer-photo-videoUITests";
				PRODUCT_NAME = "$(TARGET_NAME)";
				TEST_TARGET_NAME = "camer-photo-video";
				USES_XCTRUNNER = YES;
			};
			name = Release;
		};
/* End XCBuildConfiguration section */

/* Begin XCConfigurationList section */
		89B194D81D324B6F00382406 /* Build configuration list for PBXProject "camer-photo-video" */ = {
			isa = XCConfigurationList;
			buildConfigurations = (
				89B195081D324B7000382406 /* Debug */,
				89B195091D324B7000382406 /* Release */,
			);
			defaultConfigurationIsVisible = 0;
			defaultConfigurationName = Release;
		};
		89B1950A1D324B7000382406 /* Build configuration list for PBXNativeTarget "camer-photo-video" */ = {
			isa = XCConfigurationList;
			buildConfigurations = (
				89B1950B1D324B7000382406 /* Debug */,
				89B1950C1D324B7000382406 /* Release */,
			);
			defaultConfigurationIsVisible = 0;
			defaultConfigurationName = Release;
		};
		89B1950D1D324B7000382406 /* Build configuration list for PBXNativeTarget "camer-photo-videoTests" */ = {
			isa = XCConfigurationList;
			buildConfigurations = (
				89B1950E1D324B7000382406 /* Debug */,
				89B1950F1D324B7000382406 /* Release */,
			);
			defaultConfigurationIsVisible = 0;
			defaultConfigurationName = Release;
		};
		89B195101D324B7000382406 /* Build configuration list for PBXNativeTarget "camer-photo-videoUITests" */ = {
			isa = XCConfigurationList;
			buildConfigurations = (
				89B195111D324B7000382406 /* Debug */,
				89B195121D324B7000382406 /* Release */,
			);
			defaultConfigurationIsVisible = 0;
			defaultConfigurationName = Release;
		};
/* End XCConfigurationList section */
	};
	rootObject = 89B194D51D324B6F00382406 /* Project object */;
}
